
Microsoft Visual Studio Solution File, Format Version 12.00
# Visual Studio Version 16
VisualStudioVersion = 16.0.31205.134
MinimumVisualStudioVersion = 10.0.40219.1
Project("{FAE04EC0-301F-11D3-BF4B-00C04F79EFBC}") = "Drofsnar", "Drofsnar\Drofsnar.csproj", "{0F236E64-273D-4DDD-8F7E-94A5BFF7B2FB}"
EndProject
Global
	GlobalSection(SolutionConfigurationPlatforms) = preSolution
		Debug|Any CPU = Debug|Any CPU
		Release|Any CPU = Release|Any CPU
	EndGlobalSection
	GlobalSection(ProjectConfigurationPlatforms) = postSolution
		{0F236E64-273D-4DDD-8F7E-94A5BFF7B2FB}.Debug|Any CPU.ActiveCfg = Debug|Any CPU
		{0F236E64-273D-4DDD-8F7E-94A5BFF7B2FB}.Debug|Any CPU.Build.0 = Debug|Any CPU
		{0F236E64-273D-4DDD-8F7E-94A5BFF7B2FB}.Release|Any CPU.ActiveCfg = Release|Any CPU
		{0F236E64-273D-4DDD-8F7E-94A5BFF7B2FB}.Release|Any CPU.Build.0 = Release|Any CPU
	EndGlobalSection
	GlobalSection(SolutionProperties) = preSolution
		HideSolutionNode = FALSE
	EndGlobalSection
	GlobalSection(ExtensibilityGlobals) = postSolution
		SolutionGuid = {69BA4438-C9B6-4F9E-A79E-E779F6BFF461}
	EndGlobalSection
EndGlobal
